
Microsoft Visual Studio Solution File, Format Version 12.00
# Visual Studio Version 17
VisualStudioVersion = 17.14.36408.4 d17.14
MinimumVisualStudioVersion = 10.0.40219.1
Project("{FAE04EC0-301F-11D3-BF4B-00C04F79EFBC}") = "DirectorioMVC", "DirectorioMVC.csproj", "{B156D7C4-B2CE-47C4-916E-1F61645AE05C}"
EndProject
Global
	GlobalSection(SolutionConfigurationPlatforms) = preSolution
		Debug|Any CPU = Debug|Any CPU
		Release|Any CPU = Release|Any CPU
	EndGlobalSection
	GlobalSection(ProjectConfigurationPlatforms) = postSolution
		{B156D7C4-B2CE-47C4-916E-1F61645AE05C}.Debug|Any CPU.ActiveCfg = Debug|Any CPU
		{B156D7C4-B2CE-47C4-916E-1F61645AE05C}.Debug|Any CPU.Build.0 = Debug|Any CPU
		{B156D7C4-B2CE-47C4-916E-1F61645AE05C}.Release|Any CPU.ActiveCfg = Release|Any CPU
		{B156D7C4-B2CE-47C4-916E-1F61645AE05C}.Release|Any CPU.Build.0 = Release|Any CPU
	EndGlobalSection
	GlobalSection(SolutionProperties) = preSolution
		HideSolutionNode = FALSE
	EndGlobalSection
	GlobalSection(ExtensibilityGlobals) = postSolution
		SolutionGuid = {9E9CF676-71F0-40E4-ADAF-83B073C7B2F6}
	EndGlobalSection
EndGlobal
